
Microsoft Visual Studio Solution File, Format Version 12.00
# Visual Studio Version 17
VisualStudioVersion = 17.6.33815.320
MinimumVisualStudioVersion = 10.0.40219.1
Project("{2150E333-8FDC-42A3-9474-1A3956D46DE8}") = "Lab02", "Lab02", "{3CF8EC89-1C5D-486A-9F7E-B638FCAB5AE3}"
EndProject
Project("{9A19103F-16F7-4668-BE54-9A1E7A4F7556}") = "lab-2-1", "Lab-2\lab-2\lab-2-1.csproj", "{643F0205-6CAE-4571-8080-0302E926F932}"
EndProject
Project("{9A19103F-16F7-4668-BE54-9A1E7A4F7556}") = "lab-2-2", "Lab-2\lab-2-2\lab-2-2.csproj", "{A12A7E8E-B97C-4985-81F4-9EFBFD03CF25}"
EndProject
Project("{9A19103F-16F7-4668-BE54-9A1E7A4F7556}") = "lab-2-3", "Lab-2\lab-2-3\lab-2-3.csproj", "{239AC4EA-9D97-4972-8C77-8C1A51BC51A6}"
EndProject
Project("{2150E333-8FDC-42A3-9474-1A3956D46DE8}") = "Lab03", "Lab03", "{9EFF627D-7B2C-4378-8418-06C9F84767C5}"
EndProject
Project("{9A19103F-16F7-4668-BE54-9A1E7A4F7556}") = "Lab03", "Lab03\Lab03\Lab03.csproj", "{F3E7E22A-6019-42DA-A456-F73CA731D03B}"
EndProject
Project("{2150E333-8FDC-42A3-9474-1A3956D46DE8}") = "Lab05", "Lab05", "{E71CF92E-46DD-48BA-95AD-2EE95FB5D375}"
EndProject
Project("{00D1A9C2-B5F0-4AF3-8072-F6C62B433612}") = "Lab05_T_SQL", "Lab05\Lab05_01_T_SQL\Lab05_T_SQL.sqlproj", "{ACDB4861-9539-47EE-B535-1E3449DBD6A9}"
EndProject
Project("{2150E333-8FDC-42A3-9474-1A3956D46DE8}") = "Lab06", "Lab06", "{D814B687-40E1-4D4C-BC1D-016CF58609D3}"
EndProject
Project("{FAE04EC0-301F-11D3-BF4B-00C04F79EFBC}") = "Part01.DVDLibraryMnt.Desktop", "Lab06\Part01.DVDLibraryMnt.Desktop\Part01.DVDLibraryMnt.Desktop.csproj", "{778E14F5-5050-4A90-9B07-C7FD77957061}"
EndProject
Project("{00D1A9C2-B5F0-4AF3-8072-F6C62B433612}") = "Part01.DVDLibraryMnt.Database", "Part01.DVDLibraryMnt.Database\Part01.DVDLibraryMnt.Database.sqlproj", "{8AE068EE-EDC6-4C72-A8E1-2EF485AC6020}"
EndProject
Global
	GlobalSection(SolutionConfigurationPlatforms) = preSolution
		Debug|Any CPU = Debug|Any CPU
		Release|Any CPU = Release|Any CPU
	EndGlobalSection
	GlobalSection(ProjectConfigurationPlatforms) = postSolution
		{643F0205-6CAE-4571-8080-0302E926F932}.Debug|Any CPU.ActiveCfg = Debug|Any CPU
		{643F0205-6CAE-4571-8080-0302E926F932}.Debug|Any CPU.Build.0 = Debug|Any CPU
		{643F0205-6CAE-4571-8080-0302E926F932}.Release|Any CPU.ActiveCfg = Release|Any CPU
		{643F0205-6CAE-4571-8080-0302E926F932}.Release|Any CPU.Build.0 = Release|Any CPU
		{A12A7E8E-B97C-4985-81F4-9EFBFD03CF25}.Debug|Any CPU.ActiveCfg = Debug|Any CPU
		{A12A7E8E-B97C-4985-81F4-9EFBFD03CF25}.Debug|Any CPU.Build.0 = Debug|Any CPU
		{A12A7E8E-B97C-4985-81F4-9EFBFD03CF25}.Release|Any CPU.ActiveCfg = Release|Any CPU
		{A12A7E8E-B97C-4985-81F4-9EFBFD03CF25}.Release|Any CPU.Build.0 = Release|Any CPU
		{239AC4EA-9D97-4972-8C77-8C1A51BC51A6}.Debug|Any CPU.ActiveCfg = Debug|Any CPU
		{239AC4EA-9D97-4972-8C77-8C1A51BC51A6}.Debug|Any CPU.Build.0 = Debug|Any CPU
		{239AC4EA-9D97-4972-8C77-8C1A51BC51A6}.Release|Any CPU.ActiveCfg = Release|Any CPU
		{239AC4EA-9D97-4972-8C77-8C1A51BC51A6}.Release|Any CPU.Build.0 = Release|Any CPU
		{F3E7E22A-6019-42DA-A456-F73CA731D03B}.Debug|Any CPU.ActiveCfg = Debug|Any CPU
		{F3E7E22A-6019-42DA-A456-F73CA731D03B}.Debug|Any CPU.Build.0 = Debug|Any CPU
		{F3E7E22A-6019-42DA-A456-F73CA731D03B}.Release|Any CPU.ActiveCfg = Release|Any CPU
		{F3E7E22A-6019-42DA-A456-F73CA731D03B}.Release|Any CPU.Build.0 = Release|Any CPU
		{ACDB4861-9539-47EE-B535-1E3449DBD6A9}.Debug|Any CPU.ActiveCfg = Debug|Any CPU
		{ACDB4861-9539-47EE-B535-1E3449DBD6A9}.Debug|Any CPU.Build.0 = Debug|Any CPU
		{ACDB4861-9539-47EE-B535-1E3449DBD6A9}.Debug|Any CPU.Deploy.0 = Debug|Any CPU
		{ACDB4861-9539-47EE-B535-1E3449DBD6A9}.Release|Any CPU.ActiveCfg = Release|Any CPU
		{ACDB4861-9539-47EE-B535-1E3449DBD6A9}.Release|Any CPU.Build.0 = Release|Any CPU
		{ACDB4861-9539-47EE-B535-1E3449DBD6A9}.Release|Any CPU.Deploy.0 = Release|Any CPU
		{778E14F5-5050-4A90-9B07-C7FD77957061}.Debug|Any CPU.ActiveCfg = Debug|Any CPU
		{778E14F5-5050-4A90-9B07-C7FD77957061}.Debug|Any CPU.Build.0 = Debug|Any CPU
		{778E14F5-5050-4A90-9B07-C7FD77957061}.Release|Any CPU.ActiveCfg = Release|Any CPU
		{778E14F5-5050-4A90-9B07-C7FD77957061}.Release|Any CPU.Build.0 = Release|Any CPU
		{8AE068EE-EDC6-4C72-A8E1-2EF485AC6020}.Debug|Any CPU.ActiveCfg = Debug|Any CPU
		{8AE068EE-EDC6-4C72-A8E1-2EF485AC6020}.Debug|Any CPU.Build.0 = Debug|Any CPU
		{8AE068EE-EDC6-4C72-A8E1-2EF485AC6020}.Debug|Any CPU.Deploy.0 = Debug|Any CPU
		{8AE068EE-EDC6-4C72-A8E1-2EF485AC6020}.Release|Any CPU.ActiveCfg = Release|Any CPU
		{8AE068EE-EDC6-4C72-A8E1-2EF485AC6020}.Release|Any CPU.Build.0 = Release|Any CPU
		{8AE068EE-EDC6-4C72-A8E1-2EF485AC6020}.Release|Any CPU.Deploy.0 = Release|Any CPU
	EndGlobalSection
	GlobalSection(SolutionProperties) = preSolution
		HideSolutionNode = FALSE
	EndGlobalSection
	GlobalSection(NestedProjects) = preSolution
		{643F0205-6CAE-4571-8080-0302E926F932} = {3CF8EC89-1C5D-486A-9F7E-B638FCAB5AE3}
		{A12A7E8E-B97C-4985-81F4-9EFBFD03CF25} = {3CF8EC89-1C5D-486A-9F7E-B638FCAB5AE3}
		{239AC4EA-9D97-4972-8C77-8C1A51BC51A6} = {3CF8EC89-1C5D-486A-9F7E-B638FCAB5AE3}
		{F3E7E22A-6019-42DA-A456-F73CA731D03B} = {9EFF627D-7B2C-4378-8418-06C9F84767C5}
		{ACDB4861-9539-47EE-B535-1E3449DBD6A9} = {E71CF92E-46DD-48BA-95AD-2EE95FB5D375}
		{778E14F5-5050-4A90-9B07-C7FD77957061} = {D814B687-40E1-4D4C-BC1D-016CF58609D3}
		{8AE068EE-EDC6-4C72-A8E1-2EF485AC6020} = {D814B687-40E1-4D4C-BC1D-016CF58609D3}
	EndGlobalSection
	GlobalSection(ExtensibilityGlobals) = postSolution
		SolutionGuid = {C472F062-E8BE-411F-9790-887A1D88BD17}
	EndGlobalSection
EndGlobal
